
Microsoft Visual Studio Solution File, Format Version 12.00
# Visual Studio Version 17
VisualStudioVersion = 17.4.33205.214
MinimumVisualStudioVersion = 10.0.40219.1
Project("{8BC9CEB8-8B4A-11D0-8D11-00A0C91BC942}") = "Problem No.2(1) (C)", "Problem No.2(1) (C)\Problem No.2(1) (C).vcxproj", "{F686CB77-A81A-4C5B-8343-38DACE4A2CF5}"
EndProject
Global
	GlobalSection(SolutionConfigurationPlatforms) = preSolution
		Debug|x64 = Debug|x64
		Debug|x86 = Debug|x86
		Release|x64 = Release|x64
		Release|x86 = Release|x86
	EndGlobalSection
	GlobalSection(ProjectConfigurationPlatforms) = postSolution
		{F686CB77-A81A-4C5B-8343-38DACE4A2CF5}.Debug|x64.ActiveCfg = Debug|x64
		{F686CB77-A81A-4C5B-8343-38DACE4A2CF5}.Debug|x64.Build.0 = Debug|x64
		{F686CB77-A81A-4C5B-8343-38DACE4A2CF5}.Debug|x86.ActiveCfg = Debug|Win32
		{F686CB77-A81A-4C5B-8343-38DACE4A2CF5}.Debug|x86.Build.0 = Debug|Win32
		{F686CB77-A81A-4C5B-8343-38DACE4A2CF5}.Release|x64.ActiveCfg = Release|x64
		{F686CB77-A81A-4C5B-8343-38DACE4A2CF5}.Release|x64.Build.0 = Release|x64
		{F686CB77-A81A-4C5B-8343-38DACE4A2CF5}.Release|x86.ActiveCfg = Release|Win32
		{F686CB77-A81A-4C5B-8343-38DACE4A2CF5}.Release|x86.Build.0 = Release|Win32
	EndGlobalSection
	GlobalSection(SolutionProperties) = preSolution
		HideSolutionNode = FALSE
	EndGlobalSection
	GlobalSection(ExtensibilityGlobals) = postSolution
		SolutionGuid = {335E7CA3-123C-4798-B01E-E50FA2F29F0D}
	EndGlobalSection
EndGlobal
